
Microsoft Visual Studio Solution File, Format Version 12.00
# Visual Studio Version 17
VisualStudioVersion = 17.10.34818.151
MinimumVisualStudioVersion = 10.0.40219.1
Project("{FAE04EC0-301F-11D3-BF4B-00C04F79EFBC}") = "BulkyWeb", "BulkyWeb\BulkyWeb.csproj", "{8200A709-345C-4396-874C-3327E19270FE}"
EndProject
Global
	GlobalSection(SolutionConfigurationPlatforms) = preSolution
		Debug|Any CPU = Debug|Any CPU
		Release|Any CPU = Release|Any CPU
	EndGlobalSection
	GlobalSection(ProjectConfigurationPlatforms) = postSolution
		{8200A709-345C-4396-874C-3327E19270FE}.Debug|Any CPU.ActiveCfg = Debug|Any CPU
		{8200A709-345C-4396-874C-3327E19270FE}.Debug|Any CPU.Build.0 = Debug|Any CPU
		{8200A709-345C-4396-874C-3327E19270FE}.Release|Any CPU.ActiveCfg = Release|Any CPU
		{8200A709-345C-4396-874C-3327E19270FE}.Release|Any CPU.Build.0 = Release|Any CPU
	EndGlobalSection
	GlobalSection(SolutionProperties) = preSolution
		HideSolutionNode = FALSE
	EndGlobalSection
	GlobalSection(ExtensibilityGlobals) = postSolution
		SolutionGuid = {7898593B-3A56-4610-BF33-D8EAA6EA72E0}
	EndGlobalSection
EndGlobal
